// !$*UTF8*$!
{
	archiveVersion = 1;
	classes = {
	};
	objectVersion = 56;
	objects = {

/* Begin PBXBuildFile section */
		114680CC2BEE22DA00F47F81 /* SampleSdkApp.swift in Sources */ = {isa = PBXBuildFile; fileRef = 114680CB2BEE22DA00F47F81 /* SampleSdkApp.swift */; };
		114680CE2BEE22DA00F47F81 /* ContentView.swift in Sources */ = {isa = PBXBuildFile; fileRef = 114680CD2BEE22DA00F47F81 /* ContentView.swift */; };
		114680D02BEE22DB00F47F81 /* Assets.xcassets in Resources */ = {isa = PBXBuildFile; fileRef = 114680CF2BEE22DB00F47F81 /* Assets.xcassets */; };
		114680D32BEE22DB00F47F81 /* Preview Assets.xcassets in Resources */ = {isa = PBXBuildFile; fileRef = 114680D22BEE22DB00F47F81 /* Preview Assets.xcassets */; };
		114680DD2BEE22DB00F47F81 /* SampleSdkTests.swift in Sources */ = {isa = PBXBuildFile; fileRef = 114680DC2BEE22DB00F47F81 /* SampleSdkTests.swift */; };
		114680E72BEE22DB00F47F81 /* SampleSdkUITests.swift in Sources */ = {isa = PBXBuildFile; fileRef = 114680E62BEE22DB00F47F81 /* SampleSdkUITests.swift */; };
		114680E92BEE22DB00F47F81 /* SampleSdkUITestsLaunchTests.swift in Sources */ = {isa = PBXBuildFile; fileRef = 114680E82BEE22DB00F47F81 /* SampleSdkUITestsLaunchTests.swift */; };
		114680FF2BEE23A300F47F81 /* Hello.framework in Frameworks */ = {isa = PBXBuildFile; fileRef = 114680FB2BEE239900F47F81 /* Hello.framework */; };
		114681002BEE23A300F47F81 /* Hello.framework in Embed Frameworks */ = {isa = PBXBuildFile; fileRef = 114680FB2BEE239900F47F81 /* Hello.framework */; settings = {ATTRIBUTES = (CodeSignOnCopy, RemoveHeadersOnCopy, ); }; };
/* End PBXBuildFile section */

/* Begin PBXContainerItemProxy section */
		114680D92BEE22DB00F47F81 /* PBXContainerItemProxy */ = {
			isa = PBXContainerItemProxy;
			containerPortal = 114680C02BEE22DA00F47F81 /* Project object */;
			proxyType = 1;
			remoteGlobalIDString = 114680C72BEE22DA00F47F81;
			remoteInfo = SampleSdk;
		};
		114680E32BEE22DB00F47F81 /* PBXContainerItemProxy */ = {
			isa = PBXContainerItemProxy;
			containerPortal = 114680C02BEE22DA00F47F81 /* Project object */;
			proxyType = 1;
			remoteGlobalIDString = 114680C72BEE22DA00F47F81;
			remoteInfo = SampleSdk;
		};
		114680FA2BEE239900F47F81 /* PBXContainerItemProxy */ = {
			isa = PBXContainerItemProxy;
			containerPortal = 114680F52BEE239900F47F81 /* Hello.xcodeproj */;
			proxyType = 2;
			remoteGlobalIDString = 117853CE2BED0015005DA4BC;
			remoteInfo = Hello;
		};
		114680FC2BEE239900F47F81 /* PBXContainerItemProxy */ = {
			isa = PBXContainerItemProxy;
			containerPortal = 114680F52BEE239900F47F81 /* Hello.xcodeproj */;
			proxyType = 2;
			remoteGlobalIDString = 117853D82BED0015005DA4BC;
			remoteInfo = HelloTests;
		};
/* End PBXContainerItemProxy section */

/* Begin PBXCopyFilesBuildPhase section */
		114681012BEE23A300F47F81 /* Embed Frameworks */ = {
			isa = PBXCopyFilesBuildPhase;
			buildActionMask = 2147483647;
			dstPath = "";
			dstSubfolderSpec = 10;
			files = (
				114681002BEE23A300F47F81 /* Hello.framework in Embed Frameworks */,
			);
			name = "Embed Frameworks";
			runOnlyForDeploymentPostprocessing = 0;
		};
/* End PBXCopyFilesBuildPhase section */

/* Begin PBXFileReference section */
		114680C82BEE22DA00F47F81 /* SampleSdk.app */ = {isa = PBXFileReference; explicitFileType = wrapper.application; includeInIndex = 0; path = SampleSdk.app; sourceTree = BUILT_PRODUCTS_DIR; };
		114680CB2BEE22DA00F47F81 /* SampleSdkApp.swift */ = {isa = PBXFileReference; lastKnownFileType = sourcecode.swift; path = SampleSdkApp.swift; sourceTree = "<group>"; };
		114680CD2BEE22DA00F47F81 /* ContentView.swift */ = {isa = PBXFileReference; lastKnownFileType = sourcecode.swift; path = ContentView.swift; sourceTree = "<group>"; };
		114680CF2BEE22DB00F47F81 /* Assets.xcassets */ = {isa = PBXFileReference; lastKnownFileType = folder.assetcatalog; path = Assets.xcassets; sourceTree = "<group>"; };
		114680D22BEE22DB00F47F81 /* Preview Assets.xcassets */ = {isa = PBXFileReference; lastKnownFileType = folder.assetcatalog; path = "Preview Assets.xcassets"; sourceTree = "<group>"; };
		114680D82BEE22DB00F47F81 /* SampleSdkTests.xctest */ = {isa = PBXFileReference; explicitFileType = wrapper.cfbundle; includeInIndex = 0; path = SampleSdkTests.xctest; sourceTree = BUILT_PRODUCTS_DIR; };
		114680DC2BEE22DB00F47F81 /* SampleSdkTests.swift */ = {isa = PBXFileReference; lastKnownFileType = sourcecode.swift; path = SampleSdkTests.swift; sourceTree = "<group>"; };
		114680E22BEE22DB00F47F81 /* SampleSdkUITests.xctest */ = {isa = PBXFileReference; explicitFileType = wrapper.cfbundle; includeInIndex = 0; path = SampleSdkUITests.xctest; sourceTree = BUILT_PRODUCTS_DIR; };
		114680E62BEE22DB00F47F81 /* SampleSdkUITests.swift */ = {isa = PBXFileReference; lastKnownFileType = sourcecode.swift; path = SampleSdkUITests.swift; sourceTree = "<group>"; };
		114680E82BEE22DB00F47F81 /* SampleSdkUITestsLaunchTests.swift */ = {isa = PBXFileReference; lastKnownFileType = sourcecode.swift; path = SampleSdkUITestsLaunchTests.swift; sourceTree = "<group>"; };
		114680F52BEE239900F47F81 /* Hello.xcodeproj */ = {isa = PBXFileReference; lastKnownFileType = "wrapper.pb-project"; name = Hello.xcodeproj; path = ../Hello/Hello.xcodeproj; sourceTree = "<group>"; };
/* End PBXFileReference section */

/* Begin PBXFrameworksBuildPhase section */
		114680C52BEE22DA00F47F81 /* Frameworks */ = {
			isa = PBXFrameworksBuildPhase;
			buildActionMask = 2147483647;
			files = (
				114680FF2BEE23A300F47F81 /* Hello.framework in Frameworks */,
			);
			runOnlyForDeploymentPostprocessing = 0;
		};
		114680D52BEE22DB00F47F81 /* Frameworks */ = {
			isa = PBXFrameworksBuildPhase;
			buildActionMask = 2147483647;
			files = (
			);
			runOnlyForDeploymentPostprocessing = 0;
		};
		114680DF2BEE22DB00F47F81 /* Frameworks */ = {
			isa = PBXFrameworksBuildPhase;
			buildActionMask = 2147483647;
			files = (
			);
			runOnlyForDeploymentPostprocessing = 0;
		};
/* End PBXFrameworksBuildPhase section */

/* Begin PBXGroup section */
		114680BF2BEE22DA00F47F81 = {
			isa = PBXGroup;
			children = (
				114680F52BEE239900F47F81 /* Hello.xcodeproj */,
				114680CA2BEE22DA00F47F81 /* SampleSdk */,
				114680DB2BEE22DB00F47F81 /* SampleSdkTests */,
				114680E52BEE22DB00F47F81 /* SampleSdkUITests */,
				114680C92BEE22DA00F47F81 /* Products */,
				114680FE2BEE23A300F47F81 /* Frameworks */,
			);
			sourceTree = "<group>";
		};
		114680C92BEE22DA00F47F81 /* Products */ = {
			isa = PBXGroup;
			children = (
				114680C82BEE22DA00F47F81 /* SampleSdk.app */,
				114680D82BEE22DB00F47F81 /* SampleSdkTests.xctest */,
				114680E22BEE22DB00F47F81 /* SampleSdkUITests.xctest */,
			);
			name = Products;
			sourceTree = "<group>";
		};
		114680CA2BEE22DA00F47F81 /* SampleSdk */ = {
			isa = PBXGroup;
			children = (
				114680CB2BEE22DA00F47F81 /* SampleSdkApp.swift */,
				114680CD2BEE22DA00F47F81 /* ContentView.swift */,
				114680CF2BEE22DB00F47F81 /* Assets.xcassets */,
				114680D12BEE22DB00F47F81 /* Preview Content */,
			);
			path = SampleSdk;
			sourceTree = "<group>";
		};
		114680D12BEE22DB00F47F81 /* Preview Content */ = {
			isa = PBXGroup;
			children = (
				114680D22BEE22DB00F47F81 /* Preview Assets.xcassets */,
			);
			path = "Preview Content";
			sourceTree = "<group>";
		};
		114680DB2BEE22DB00F47F81 /* SampleSdkTests */ = {
			isa = PBXGroup;
			children = (
				114680DC2BEE22DB00F47F81 /* SampleSdkTests.swift */,
			);
			path = SampleSdkTests;
			sourceTree = "<group>";
		};
		114680E52BEE22DB00F47F81 /* SampleSdkUITests */ = {
			isa = PBXGroup;
			children = (
				114680E62BEE22DB00F47F81 /* SampleSdkUITests.swift */,
				114680E82BEE22DB00F47F81 /* SampleSdkUITestsLaunchTests.swift */,
			);
			path = SampleSdkUITests;
			sourceTree = "<group>";
		};
		114680F62BEE239900F47F81 /* Products */ = {
			isa = PBXGroup;
			children = (
				114680FB2BEE239900F47F81 /* Hello.framework */,
				114680FD2BEE239900F47F81 /* HelloTests.xctest */,
			);
			name = Products;
			sourceTree = "<group>";
		};
		114680FE2BEE23A300F47F81 /* Frameworks */ = {
			isa = PBXGroup;
			children = (
			);
			name = Frameworks;
			sourceTree = "<group>";
		};
/* End PBXGroup section */

/* Begin PBXNativeTarget section */
		114680C72BEE22DA00F47F81 /* SampleSdk */ = {
			isa = PBXNativeTarget;
			buildConfigurationList = 114680EC2BEE22DB00F47F81 /* Build configuration list for PBXNativeTarget "SampleSdk" */;
			buildPhases = (
				114680C42BEE22DA00F47F81 /* Sources */,
				114680C52BEE22DA00F47F81 /* Frameworks */,
				114680C62BEE22DA00F47F81 /* Resources */,
				114681012BEE23A300F47F81 /* Embed Frameworks */,
			);
			buildRules = (
			);
			dependencies = (
			);
			name = SampleSdk;
			productName = SampleSdk;
			productReference = 114680C82BEE22DA00F47F81 /* SampleSdk.app */;
			productType = "com.apple.product-type.application";
		};
		114680D72BEE22DB00F47F81 /* SampleSdkTests */ = {
			isa = PBXNativeTarget;
			buildConfigurationList = 114680EF2BEE22DB00F47F81 /* Build configuration list for PBXNativeTarget "SampleSdkTests" */;
			buildPhases = (
				114680D42BEE22DB00F47F81 /* Sources */,
				114680D52BEE22DB00F47F81 /* Frameworks */,
				114680D62BEE22DB00F47F81 /* Resources */,
			);
			buildRules = (
			);
			dependencies = (
				114680DA2BEE22DB00F47F81 /* PBXTargetDependency */,
			);
			name = SampleSdkTests;
			productName = SampleSdkTests;
			productReference = 114680D82BEE22DB00F47F81 /* SampleSdkTests.xctest */;
			productType = "com.apple.product-type.bundle.unit-test";
		};
		114680E12BEE22DB00F47F81 /* SampleSdkUITests */ = {
			isa = PBXNativeTarget;
			buildConfigurationList = 114680F22BEE22DB00F47F81 /* Build configuration list for PBXNativeTarget "SampleSdkUITests" */;
			buildPhases = (
				114680DE2BEE22DB00F47F81 /* Sources */,
				114680DF2BEE22DB00F47F81 /* Frameworks */,
				114680E02BEE22DB00F47F81 /* Resources */,
			);
			buildRules = (
			);
			dependencies = (
				114680E42BEE22DB00F47F81 /* PBXTargetDependency */,
			);
			name = SampleSdkUITests;
			productName = SampleSdkUITests;
			productReference = 114680E22BEE22DB00F47F81 /* SampleSdkUITests.xctest */;
			productType = "com.apple.product-type.bundle.ui-testing";
		};
/* End PBXNativeTarget section */

/* Begin PBXProject section */
		114680C02BEE22DA00F47F81 /* Project object */ = {
			isa = PBXProject;
			attributes = {
				BuildIndependentTargetsInParallel = 1;
				LastSwiftUpdateCheck = 1530;
				LastUpgradeCheck = 1530;
				TargetAttributes = {
					114680C72BEE22DA00F47F81 = {
						CreatedOnToolsVersion = 15.3;
					};
					114680D72BEE22DB00F47F81 = {
						CreatedOnToolsVersion = 15.3;
						TestTargetID = 114680C72BEE22DA00F47F81;
					};
					114680E12BEE22DB00F47F81 = {
						CreatedOnToolsVersion = 15.3;
						TestTargetID = 114680C72BEE22DA00F47F81;
					};
				};
			};
			buildConfigurationList = 114680C32BEE22DA00F47F81 /* Build configuration list for PBXProject "SampleSdk" */;
			compatibilityVersion = "Xcode 14.0";
			developmentRegion = en;
			hasScannedForEncodings = 0;
			knownRegions = (
				en,
				Base,
			);
			mainGroup = 114680BF2BEE22DA00F47F81;
			productRefGroup = 114680C92BEE22DA00F47F81 /* Products */;
			projectDirPath = "";
			projectReferences = (
				{
					ProductGroup = 114680F62BEE239900F47F81 /* Products */;
					ProjectRef = 114680F52BEE239900F47F81 /* Hello.xcodeproj */;
				},
			);
			projectRoot = "";
			targets = (
				114680C72BEE22DA00F47F81 /* SampleSdk */,
				114680D72BEE22DB00F47F81 /* SampleSdkTests */,
				114680E12BEE22DB00F47F81 /* SampleSdkUITests */,
			);
		};
/* End PBXProject section */

/* Begin PBXReferenceProxy section */
		114680FB2BEE239900F47F81 /* Hello.framework */ = {
			isa = PBXReferenceProxy;
			fileType = wrapper.framework;
			path = Hello.framework;
			remoteRef = 114680FA2BEE239900F47F81 /* PBXContainerItemProxy */;
			sourceTree = BUILT_PRODUCTS_DIR;
		};
		114680FD2BEE239900F47F81 /* HelloTests.xctest */ = {
			isa = PBXReferenceProxy;
			fileType = wrapper.cfbundle;
			path = HelloTests.xctest;
			remoteRef = 114680FC2BEE239900F47F81 /* PBXContainerItemProxy */;
			sourceTree = BUILT_PRODUCTS_DIR;
		};
/* End PBXReferenceProxy section */

/* Begin PBXResourcesBuildPhase section */
		114680C62BEE22DA00F47F81 /* Resources */ = {
			isa = PBXResourcesBuildPhase;
			buildActionMask = 2147483647;
			files = (
				114680D32BEE22DB00F47F81 /* Preview Assets.xcassets in Resources */,
				114680D02BEE22DB00F47F81 /* Assets.xcassets in Resources */,
			);
			runOnlyForDeploymentPostprocessing = 0;
		};
		114680D62BEE22DB00F47F81 /* Resources */ = {
			isa = PBXResourcesBuildPhase;
			buildActionMask = 2147483647;
			files = (
			);
			runOnlyForDeploymentPostprocessing = 0;
		};
		114680E02BEE22DB00F47F81 /* Resources */ = {
			isa = PBXResourcesBuildPhase;
			buildActionMask = 2147483647;
			files = (
			);
			runOnlyForDeploymentPostprocessing = 0;
		};
/* End PBXResourcesBuildPhase section */

/* Begin PBXSourcesBuildPhase section */
		114680C42BEE22DA00F47F81 /* Sources */ = {
			isa = PBXSourcesBuildPhase;
			buildActionMask = 2147483647;
			files = (
				114680CE2BEE22DA00F47F81 /* ContentView.swift in Sources */,
				114680CC2BEE22DA00F47F81 /* SampleSdkApp.swift in Sources */,
			);
			runOnlyForDeploymentPostprocessing = 0;
		};
		114680D42BEE22DB00F47F81 /* Sources */ = {
			isa = PBXSourcesBuildPhase;
			buildActionMask = 2147483647;
			files = (
				114680DD2BEE22DB00F47F81 /* SampleSdkTests.swift in Sources */,
			);
			runOnlyForDeploymentPostprocessing = 0;
		};
		114680DE2BEE22DB00F47F81 /* Sources */ = {
			isa = PBXSourcesBuildPhase;
			buildActionMask = 2147483647;
			files = (
				114680E72BEE22DB00F47F81 /* SampleSdkUITests.swift in Sources */,
				114680E92BEE22DB00F47F81 /* SampleSdkUITestsLaunchTests.swift in Sources */,
			);
			runOnlyForDeploymentPostprocessing = 0;
		};
/* End PBXSourcesBuildPhase section */

/* Begin PBXTargetDependency section */
		114680DA2BEE22DB00F47F81 /* PBXTargetDependency */ = {
			isa = PBXTargetDependency;
			target = 114680C72BEE22DA00F47F81 /* SampleSdk */;
			targetProxy = 114680D92BEE22DB00F47F81 /* PBXContainerItemProxy */;
		};
		114680E42BEE22DB00F47F81 /* PBXTargetDependency */ = {
			isa = PBXTargetDependency;
			target = 114680C72BEE22DA00F47F81 /* SampleSdk */;
			targetProxy = 114680E32BEE22DB00F47F81 /* PBXContainerItemProxy */;
		};
/* End PBXTargetDependency section */

/* Begin XCBuildConfiguration section */
		114680EA2BEE22DB00F47F81 /* Debug */ = {
			isa = XCBuildConfiguration;
			buildSettings = {
				ALWAYS_SEARCH_USER_PATHS = NO;
				ASSETCATALOG_COMPILER_GENERATE_SWIFT_ASSET_SYMBOL_EXTENSIONS = YES;
				CLANG_ANALYZER_NONNULL = YES;
				CLANG_ANALYZER_NUMBER_OBJECT_CONVERSION = YES_AGGRESSIVE;
				CLANG_CXX_LANGUAGE_STANDARD = "gnu++20";
				CLANG_ENABLE_MODULES = YES;
				CLANG_ENABLE_OBJC_ARC = YES;
				CLANG_ENABLE_OBJC_WEAK = YES;
				CLANG_WARN_BLOCK_CAPTURE_AUTORELEASING = YES;
				CLANG_WARN_BOOL_CONVERSION = YES;
				CLANG_WARN_COMMA = YES;
				CLANG_WARN_CONSTANT_CONVERSION = YES;
				CLANG_WARN_DEPRECATED_OBJC_IMPLEMENTATIONS = YES;
				CLANG_WARN_DIRECT_OBJC_ISA_USAGE = YES_ERROR;
				CLANG_WARN_DOCUMENTATION_COMMENTS = YES;
				CLANG_WARN_EMPTY_BODY = YES;
				CLANG_WARN_ENUM_CONVERSION = YES;
				CLANG_WARN_INFINITE_RECURSION = YES;
				CLANG_WARN_INT_CONVERSION = YES;
				CLANG_WARN_NON_LITERAL_NULL_CONVERSION = YES;
				CLANG_WARN_OBJC_IMPLICIT_RETAIN_SELF = YES;
				CLANG_WARN_OBJC_LITERAL_CONVERSION = YES;
				CLANG_WARN_OBJC_ROOT_CLASS = YES_ERROR;
				CLANG_WARN_QUOTED_INCLUDE_IN_FRAMEWORK_HEADER = YES;
				CLANG_WARN_RANGE_LOOP_ANALYSIS = YES;
				CLANG_WARN_STRICT_PROTOTYPES = YES;
				CLANG_WARN_SUSPICIOUS_MOVE = YES;
				CLANG_WARN_UNGUARDED_AVAILABILITY = YES_AGGRESSIVE;
				CLANG_WARN_UNREACHABLE_CODE = YES;
				CLANG_WARN__DUPLICATE_METHOD_MATCH = YES;
				COPY_PHASE_STRIP = NO;
				DEBUG_INFORMATION_FORMAT = dwarf;
				ENABLE_STRICT_OBJC_MSGSEND = YES;
				ENABLE_TESTABILITY = YES;
				ENABLE_USER_SCRIPT_SANDBOXING = YES;
				GCC_C_LANGUAGE_STANDARD = gnu17;
				GCC_DYNAMIC_NO_PIC = NO;
				GCC_NO_COMMON_BLOCKS = YES;
				GCC_OPTIMIZATION_LEVEL = 0;
				GCC_PREPROCESSOR_DEFINITIONS = (
					"DEBUG=1",
					"$(inherited)",
				);
				GCC_WARN_64_TO_32_BIT_CONVERSION = YES;
				GCC_WARN_ABOUT_RETURN_TYPE = YES_ERROR;
				GCC_WARN_UNDECLARED_SELECTOR = YES;
				GCC_WARN_UNINITIALIZED_AUTOS = YES_AGGRESSIVE;
				GCC_WARN_UNUSED_FUNCTION = YES;
				GCC_WARN_UNUSED_VARIABLE = YES;
				IPHONEOS_DEPLOYMENT_TARGET = 17.4;
				LOCALIZATION_PREFERS_STRING_CATALOGS = YES;
				MTL_ENABLE_DEBUG_INFO = INCLUDE_SOURCE;
				MTL_FAST_MATH = YES;
				ONLY_ACTIVE_ARCH = YES;
				SDKROOT = iphoneos;
				SWIFT_ACTIVE_COMPILATION_CONDITIONS = "DEBUG $(inherited)";
				SWIFT_OPTIMIZATION_LEVEL = "-Onone";
			};
			name = Debug;
		};
		114680EB2BEE22DB00F47F81 /* Release */ = {
			isa = XCBuildConfiguration;
			buildSettings = {
				ALWAYS_SEARCH_USER_PATHS = NO;
				ASSETCATALOG_COMPILER_GENERATE_SWIFT_ASSET_SYMBOL_EXTENSIONS = YES;
				CLANG_ANALYZER_NONNULL = YES;
				CLANG_ANALYZER_NUMBER_OBJECT_CONVERSION = YES_AGGRESSIVE;
				CLANG_CXX_LANGUAGE_STANDARD = "gnu++20";
				CLANG_ENABLE_MODULES = YES;
				CLANG_ENABLE_OBJC_ARC = YES;
				CLANG_ENABLE_OBJC_WEAK = YES;
				CLANG_WARN_BLOCK_CAPTURE_AUTORELEASING = YES;
				CLANG_WARN_BOOL_CONVERSION = YES;
				CLANG_WARN_COMMA = YES;
				CLANG_WARN_CONSTANT_CONVERSION = YES;
				CLANG_WARN_DEPRECATED_OBJC_IMPLEMENTATIONS = YES;
				CLANG_WARN_DIRECT_OBJC_ISA_USAGE = YES_ERROR;
				CLANG_WARN_DOCUMENTATION_COMMENTS = YES;
				CLANG_WARN_EMPTY_BODY = YES;
				CLANG_WARN_ENUM_CONVERSION = YES;
				CLANG_WARN_INFINITE_RECURSION = YES;
				CLANG_WARN_INT_CONVERSION = YES;
				CLANG_WARN_NON_LITERAL_NULL_CONVERSION = YES;
				CLANG_WARN_OBJC_IMPLICIT_RETAIN_SELF = YES;
				CLANG_WARN_OBJC_LITERAL_CONVERSION = YES;
				CLANG_WARN_OBJC_ROOT_CLASS = YES_ERROR;
				CLANG_WARN_QUOTED_INCLUDE_IN_FRAMEWORK_HEADER = YES;
				CLANG_WARN_RANGE_LOOP_ANALYSIS = YES;
				CLANG_WARN_STRICT_PROTOTYPES = YES;
				CLANG_WARN_SUSPICIOUS_MOVE = YES;
				CLANG_WARN_UNGUARDED_AVAILABILITY = YES_AGGRESSIVE;
				CLANG_WARN_UNREACHABLE_CODE = YES;
				CLANG_WARN__DUPLICATE_METHOD_MATCH = YES;
				COPY_PHASE_STRIP = NO;
				DEBUG_INFORMATION_FORMAT = "dwarf-with-dsym";
				ENABLE_NS_ASSERTIONS = NO;
				ENABLE_STRICT_OBJC_MSGSEND = YES;
				ENABLE_USER_SCRIPT_SANDBOXING = YES;
				GCC_C_LANGUAGE_STANDARD = gnu17;
				GCC_NO_COMMON_BLOCKS = YES;
				GCC_WARN_64_TO_32_BIT_CONVERSION = YES;
				GCC_WARN_ABOUT_RETURN_TYPE = YES_ERROR;
				GCC_WARN_UNDECLARED_SELECTOR = YES;
				GCC_WARN_UNINITIALIZED_AUTOS = YES_AGGRESSIVE;
				GCC_WARN_UNUSED_FUNCTION = YES;
				GCC_WARN_UNUSED_VARIABLE = YES;
				IPHONEOS_DEPLOYMENT_TARGET = 17.4;
				LOCALIZATION_PREFERS_STRING_CATALOGS = YES;
				MTL_ENABLE_DEBUG_INFO = NO;
				MTL_FAST_MATH = YES;
				SDKROOT = iphoneos;
				SWIFT_COMPILATION_MODE = wholemodule;
				VALIDATE_PRODUCT = YES;
			};
			name = Release;
		};
		114680ED2BEE22DB00F47F81 /* Debug */ = {
			isa = XCBuildConfiguration;
			buildSettings = {
				ASSETCATALOG_COMPILER_APPICON_NAME = AppIcon;
				ASSETCATALOG_COMPILER_GLOBAL_ACCENT_COLOR_NAME = AccentColor;
				CODE_SIGN_STYLE = Automatic;
				CURRENT_PROJECT_VERSION = 1;
				DEVELOPMENT_ASSET_PATHS = "\"SampleSdk/Preview Content\"";
				DEVELOPMENT_TEAM = 9FSWZVZ8K4;
				ENABLE_PREVIEWS = YES;
				GENERATE_INFOPLIST_FILE = YES;
				INFOPLIST_KEY_UIApplicationSceneManifest_Generation = YES;
				INFOPLIST_KEY_UIApplicationSupportsIndirectInputEvents = YES;
				INFOPLIST_KEY_UILaunchScreen_Generation = YES;
				INFOPLIST_KEY_UISupportedInterfaceOrientations_iPad = "UIInterfaceOrientationPortrait UIInterfaceOrientationPortraitUpsideDown UIInterfaceOrientationLandscapeLeft UIInterfaceOrientationLandscapeRight";
				INFOPLIST_KEY_UISupportedInterfaceOrientations_iPhone = "UIInterfaceOrientationPortrait UIInterfaceOrientationLandscapeLeft UIInterfaceOrientationLandscapeRight";
				LD_RUNPATH_SEARCH_PATHS = (
					"$(inherited)",
					"@executable_path/Frameworks",
				);
				MARKETING_VERSION = 1.0;
				PRODUCT_BUNDLE_IDENTIFIER = com.shivam.SampleSdk;
				PRODUCT_NAME = "$(TARGET_NAME)";
				SWIFT_EMIT_LOC_STRINGS = YES;
				SWIFT_VERSION = 5.0;
				TARGETED_DEVICE_FAMILY = "1,2";
			};
			name = Debug;
		};
		114680EE2BEE22DB00F47F81 /* Release */ = {
			isa = XCBuildConfiguration;
			buildSettings = {
				ASSETCATALOG_COMPILER_APPICON_NAME = AppIcon;
				ASSETCATALOG_COMPILER_GLOBAL_ACCENT_COLOR_NAME = AccentColor;
				CODE_SIGN_STYLE = Automatic;
				CURRENT_PROJECT_VERSION = 1;
				DEVELOPMENT_ASSET_PATHS = "\"SampleSdk/Preview Content\"";
				DEVELOPMENT_TEAM = 9FSWZVZ8K4;
				ENABLE_PREVIEWS = YES;
				GENERATE_INFOPLIST_FILE = YES;
				INFOPLIST_KEY_UIApplicationSceneManifest_Generation = YES;
				INFOPLIST_KEY_UIApplicationSupportsIndirectInputEvents = YES;
				INFOPLIST_KEY_UILaunchScreen_Generation = YES;
				INFOPLIST_KEY_UISupportedInterfaceOrientations_iPad = "UIInterfaceOrientationPortrait UIInterfaceOrientationPortraitUpsideDown UIInterfaceOrientationLandscapeLeft UIInterfaceOrientationLandscapeRight";
				INFOPLIST_KEY_UISupportedInterfaceOrientations_iPhone = "UIInterfaceOrientationPortrait UIInterfaceOrientationLandscapeLeft UIInterfaceOrientationLandscapeRight";
				LD_RUNPATH_SEARCH_PATHS = (
					"$(inherited)",
					"@executable_path/Frameworks",
				);
				MARKETING_VERSION = 1.0;
				PRODUCT_BUNDLE_IDENTIFIER = com.shivam.SampleSdk;
				PRODUCT_NAME = "$(TARGET_NAME)";
				SWIFT_EMIT_LOC_STRINGS = YES;
				SWIFT_VERSION = 5.0;
				TARGETED_DEVICE_FAMILY = "1,2";
			};
			name = Release;
		};
		114680F02BEE22DB00F47F81 /* Debug */ = {
			isa = XCBuildConfiguration;
			buildSettings = {
				ALWAYS_EMBED_SWIFT_STANDARD_LIBRARIES = YES;
				BUNDLE_LOADER = "$(TEST_HOST)";
				CODE_SIGN_STYLE = Automatic;
				CURRENT_PROJECT_VERSION = 1;
				DEVELOPMENT_TEAM = 9FSWZVZ8K4;
				GENERATE_INFOPLIST_FILE = YES;
				IPHONEOS_DEPLOYMENT_TARGET = 17.4;
				MARKETING_VERSION = 1.0;
				PRODUCT_BUNDLE_IDENTIFIER = com.shivam.SampleSdkTests;
				PRODUCT_NAME = "$(TARGET_NAME)";
				SWIFT_EMIT_LOC_STRINGS = NO;
				SWIFT_VERSION = 5.0;
				TARGETED_DEVICE_FAMILY = "1,2";
				TEST_HOST = "$(BUILT_PRODUCTS_DIR)/SampleSdk.app/$(BUNDLE_EXECUTABLE_FOLDER_PATH)/SampleSdk";
			};
			name = Debug;
		};
		114680F12BEE22DB00F47F81 /* Release */ = {
			isa = XCBuildConfiguration;
			buildSettings = {
				ALWAYS_EMBED_SWIFT_STANDARD_LIBRARIES = YES;
				BUNDLE_LOADER = "$(TEST_HOST)";
				CODE_SIGN_STYLE = Automatic;
				CURRENT_PROJECT_VERSION = 1;
				DEVELOPMENT_TEAM = 9FSWZVZ8K4;
				GENERATE_INFOPLIST_FILE = YES;
				IPHONEOS_DEPLOYMENT_TARGET = 17.4;
				MARKETING_VERSION = 1.0;
				PRODUCT_BUNDLE_IDENTIFIER = com.shivam.SampleSdkTests;
				PRODUCT_NAME = "$(TARGET_NAME)";
				SWIFT_EMIT_LOC_STRINGS = NO;
				SWIFT_VERSION = 5.0;
				TARGETED_DEVICE_FAMILY = "1,2";
				TEST_HOST = "$(BUILT_PRODUCTS_DIR)/SampleSdk.app/$(BUNDLE_EXECUTABLE_FOLDER_PATH)/SampleSdk";
			};
			name = Release;
		};
		114680F32BEE22DB00F47F81 /* Debug */ = {
			isa = XCBuildConfiguration;
			buildSettings = {
				ALWAYS_EMBED_SWIFT_STANDARD_LIBRARIES = YES;
				CODE_SIGN_STYLE = Automatic;
				CURRENT_PROJECT_VERSION = 1;
				DEVELOPMENT_TEAM = 9FSWZVZ8K4;
				GENERATE_INFOPLIST_FILE = YES;
				MARKETING_VERSION = 1.0;
				PRODUCT_BUNDLE_IDENTIFIER = com.shivam.SampleSdkUITests;
				PRODUCT_NAME = "$(TARGET_NAME)";
				SWIFT_EMIT_LOC_STRINGS = NO;
				SWIFT_VERSION = 5.0;
				TARGETED_DEVICE_FAMILY = "1,2";
				TEST_TARGET_NAME = SampleSdk;
			};
			name = Debug;
		};
		114680F42BEE22DB00F47F81 /* Release */ = {
			isa = XCBuildConfiguration;
			buildSettings = {
				ALWAYS_EMBED_SWIFT_STANDARD_LIBRARIES = YES;
				CODE_SIGN_STYLE = Automatic;
				CURRENT_PROJECT_VERSION = 1;
				DEVELOPMENT_TEAM = 9FSWZVZ8K4;
				GENERATE_INFOPLIST_FILE = YES;
				MARKETING_VERSION = 1.0;
				PRODUCT_BUNDLE_IDENTIFIER = com.shivam.SampleSdkUITests;
				PRODUCT_NAME = "$(TARGET_NAME)";
				SWIFT_EMIT_LOC_STRINGS = NO;
				SWIFT_VERSION = 5.0;
				TARGETED_DEVICE_FAMILY = "1,2";
				TEST_TARGET_NAME = SampleSdk;
			};
			name = Release;
		};
/* End XCBuildConfiguration section */

/* Begin XCConfigurationList section */
		114680C32BEE22DA00F47F81 /* Build configuration list for PBXProject "SampleSdk" */ = {
			isa = XCConfigurationList;
			buildConfigurations = (
				114680EA2BEE22DB00F47F81 /* Debug */,
				114680EB2BEE22DB00F47F81 /* Release */,
			);
			defaultConfigurationIsVisible = 0;
			defaultConfigurationName = Release;
		};
		114680EC2BEE22DB00F47F81 /* Build configuration list for PBXNativeTarget "SampleSdk" */ = {
			isa = XCConfigurationList;
			buildConfigurations = (
				114680ED2BEE22DB00F47F81 /* Debug */,
				114680EE2BEE22DB00F47F81 /* Release */,
			);
			defaultConfigurationIsVisible = 0;
			defaultConfigurationName = Release;
		};
		114680EF2BEE22DB00F47F81 /* Build configuration list for PBXNativeTarget "SampleSdkTests" */ = {
			isa = XCConfigurationList;
			buildConfigurations = (
				114680F02BEE22DB00F47F81 /* Debug */,
				114680F12BEE22DB00F47F81 /* Release */,
			);
			defaultConfigurationIsVisible = 0;
			defaultConfigurationName = Release;
		};
		114680F22BEE22DB00F47F81 /* Build configuration list for PBXNativeTarget "SampleSdkUITests" */ = {
			isa = XCConfigurationList;
			buildConfigurations = (
				114680F32BEE22DB00F47F81 /* Debug */,
				114680F42BEE22DB00F47F81 /* Release */,
			);
			defaultConfigurationIsVisible = 0;
			defaultConfigurationName = Release;
		};
/* End XCConfigurationList section */
	};
	rootObject = 114680C02BEE22DA00F47F81 /* Project object */;
}
